// !$*UTF8*$!
{
	archiveVersion = 1;
	classes = {
	};
	objectVersion = 50;
	objects = {

/* Begin PBXBuildFile section */
		409A35AB21EDFCD20053D520 /* array.c in Sources */ = {isa = PBXBuildFile; fileRef = 409A35A621EDFCD20053D520 /* array.c */; };
		409A35AC21EDFCD20053D520 /* Array_gp.c in Sources */ = {isa = PBXBuildFile; fileRef = 409A35A821EDFCD20053D520 /* Array_gp.c */; };
		40AFF9EF22C3BEA0009A949A /* main.c in Sources */ = {isa = PBXBuildFile; fileRef = 40AFF9EE22C3BEA0009A949A /* main.c */; };
		40AFF9F822C3BFAE009A949A /* ListDemo.c in Sources */ = {isa = PBXBuildFile; fileRef = 40AFF9F722C3BFAE009A949A /* ListDemo.c */; };
		40AFFA0722C6FFDD009A949A /* main.cpp in Sources */ = {isa = PBXBuildFile; fileRef = 40AFFA0522C6FFDC009A949A /* main.cpp */; };
		40AFFA0822C6FFDD009A949A /* LinkList.cpp in Sources */ = {isa = PBXBuildFile; fileRef = 40AFFA0622C6FFDC009A949A /* LinkList.cpp */; };
		C346698121EDD6070018E57C /* merge_sort.c in Sources */ = {isa = PBXBuildFile; fileRef = C346698021EDD6070018E57C /* merge_sort.c */; };
		C346698421EF101E0018E57C /* quick_sort.c in Sources */ = {isa = PBXBuildFile; fileRef = C346698321EF101E0018E57C /* quick_sort.c */; };
		C346698721EF2C660018E57C /* count_sort.c in Sources */ = {isa = PBXBuildFile; fileRef = C346698621EF2C660018E57C /* count_sort.c */; };
		C346698A21EF325B0018E57C /* radix_sort.c in Sources */ = {isa = PBXBuildFile; fileRef = C346698921EF325B0018E57C /* radix_sort.c */; };
		C3A688D321F6F12000AA01A4 /* cosa_sina.c in Sources */ = {isa = PBXBuildFile; fileRef = C3A688D221F6F12000AA01A4 /* cosa_sina.c */; };
		C3A688E721F71ACD00AA01A4 /* binary_search.c in Sources */ = {isa = PBXBuildFile; fileRef = C3A688E421F71ACD00AA01A4 /* binary_search.c */; };
		C3A688E821F71ACD00AA01A4 /* mybsearch.c in Sources */ = {isa = PBXBuildFile; fileRef = C3A688E521F71ACD00AA01A4 /* mybsearch.c */; };
		C3B40B3421E72EDA006D7721 /* main.c in Sources */ = {isa = PBXBuildFile; fileRef = C3B40B3321E72EDA006D7721 /* main.c */; };
		C3F87EB221F568E400012BA8 /* buble_sort.c in Sources */ = {isa = PBXBuildFile; fileRef = C3F87EB121F568E400012BA8 /* buble_sort.c */; };
		C3F87EB521F5691300012BA8 /* insertion_sort.c in Sources */ = {isa = PBXBuildFile; fileRef = C3F87EB421F5691300012BA8 /* insertion_sort.c */; };
		C3F87EB821F5693600012BA8 /* selection_sort.c in Sources */ = {isa = PBXBuildFile; fileRef = C3F87EB721F5693600012BA8 /* selection_sort.c */; };
		C3F87EBB21F569B300012BA8 /* sort_base.c in Sources */ = {isa = PBXBuildFile; fileRef = C3F87EBA21F569B300012BA8 /* sort_base.c */; };
/* End PBXBuildFile section */

/* Begin PBXCopyFilesBuildPhase section */
		40AFF9DF22C3BD1D009A949A /* CopyFiles */ = {
			isa = PBXCopyFilesBuildPhase;
			buildActionMask = 2147483647;
			dstPath = /usr/share/man/man1/;
			dstSubfolderSpec = 0;
			files = (
			);
			runOnlyForDeploymentPostprocessing = 1;
		};
		40AFF9EA22C3BEA0009A949A /* CopyFiles */ = {
			isa = PBXCopyFilesBuildPhase;
			buildActionMask = 2147483647;
			dstPath = /usr/share/man/man1/;
			dstSubfolderSpec = 0;
			files = (
			);
			runOnlyForDeploymentPostprocessing = 1;
		};
		40AFF9FB22C6FFC4009A949A /* CopyFiles */ = {
			isa = PBXCopyFilesBuildPhase;
			buildActionMask = 2147483647;
			dstPath = /usr/share/man/man1/;
			dstSubfolderSpec = 0;
			files = (
			);
			runOnlyForDeploymentPostprocessing = 1;
		};
		C3B40B2E21E72EDA006D7721 /* CopyFiles */ = {
			isa = PBXCopyFilesBuildPhase;
			buildActionMask = 2147483647;
			dstPath = /usr/share/man/man1/;
			dstSubfolderSpec = 0;
			files = (
			);
			runOnlyForDeploymentPostprocessing = 1;
		};
/* End PBXCopyFilesBuildPhase section */

/* Begin PBXFileReference section */
		409A35A621EDFCD20053D520 /* array.c */ = {isa = PBXFileReference; fileEncoding = 4; lastKnownFileType = sourcecode.c.c; path = array.c; sourceTree = "<group>"; };
		409A35A721EDFCD20053D520 /* Array_gp.h */ = {isa = PBXFileReference; fileEncoding = 4; lastKnownFileType = sourcecode.c.h; path = Array_gp.h; sourceTree = "<group>"; };
		409A35A821EDFCD20053D520 /* Array_gp.c */ = {isa = PBXFileReference; fileEncoding = 4; lastKnownFileType = sourcecode.c.c; path = Array_gp.c; sourceTree = "<group>"; };
		409A35A921EDFCD20053D520 /* array.h */ = {isa = PBXFileReference; fileEncoding = 4; lastKnownFileType = sourcecode.c.h; path = array.h; sourceTree = "<group>"; };
		40AFF9E122C3BD1D009A949A /* ListDemo */ = {isa = PBXFileReference; explicitFileType = "compiled.mach-o.executable"; includeInIndex = 0; path = ListDemo; sourceTree = BUILT_PRODUCTS_DIR; };
		40AFF9EC22C3BEA0009A949A /* ListDemo01 */ = {isa = PBXFileReference; explicitFileType = "compiled.mach-o.executable"; includeInIndex = 0; path = ListDemo01; sourceTree = BUILT_PRODUCTS_DIR; };
		40AFF9EE22C3BEA0009A949A /* main.c */ = {isa = PBXFileReference; lastKnownFileType = sourcecode.c.c; path = main.c; sourceTree = "<group>"; };
		40AFF9F622C3BFAE009A949A /* ListDemo.h */ = {isa = PBXFileReference; lastKnownFileType = sourcecode.c.h; path = ListDemo.h; sourceTree = "<group>"; };
		40AFF9F722C3BFAE009A949A /* ListDemo.c */ = {isa = PBXFileReference; lastKnownFileType = sourcecode.c.c; path = ListDemo.c; sourceTree = "<group>"; };
		40AFF9FD22C6FFC4009A949A /* LinkList_C++ */ = {isa = PBXFileReference; explicitFileType = "compiled.mach-o.executable"; includeInIndex = 0; path = "LinkList_C++"; sourceTree = BUILT_PRODUCTS_DIR; };
		40AFFA0422C6FFDC009A949A /* LinkList.h */ = {isa = PBXFileReference; fileEncoding = 4; lastKnownFileType = sourcecode.c.h; path = LinkList.h; sourceTree = "<group>"; };
		40AFFA0522C6FFDC009A949A /* main.cpp */ = {isa = PBXFileReference; fileEncoding = 4; lastKnownFileType = sourcecode.cpp.cpp; path = main.cpp; sourceTree = "<group>"; };
		40AFFA0622C6FFDC009A949A /* LinkList.cpp */ = {isa = PBXFileReference; fileEncoding = 4; lastKnownFileType = sourcecode.cpp.cpp; path = LinkList.cpp; sourceTree = "<group>"; };
		C346697F21EDD6070018E57C /* merge_sort.h */ = {isa = PBXFileReference; lastKnownFileType = sourcecode.c.h; path = merge_sort.h; sourceTree = "<group>"; };
		C346698021EDD6070018E57C /* merge_sort.c */ = {isa = PBXFileReference; lastKnownFileType = sourcecode.c.c; path = merge_sort.c; sourceTree = "<group>"; };
		C346698221EF101E0018E57C /* quick_sort.h */ = {isa = PBXFileReference; lastKnownFileType = sourcecode.c.h; path = quick_sort.h; sourceTree = "<group>"; };
		C346698321EF101E0018E57C /* quick_sort.c */ = {isa = PBXFileReference; lastKnownFileType = sourcecode.c.c; path = quick_sort.c; sourceTree = "<group>"; };
		C346698521EF2C660018E57C /* count_sort.h */ = {isa = PBXFileReference; lastKnownFileType = sourcecode.c.h; path = count_sort.h; sourceTree = "<group>"; };
		C346698621EF2C660018E57C /* count_sort.c */ = {isa = PBXFileReference; lastKnownFileType = sourcecode.c.c; path = count_sort.c; sourceTree = "<group>"; };
		C346698821EF325B0018E57C /* radix_sort.h */ = {isa = PBXFileReference; lastKnownFileType = sourcecode.c.h; path = radix_sort.h; sourceTree = "<group>"; };
		C346698921EF325B0018E57C /* radix_sort.c */ = {isa = PBXFileReference; lastKnownFileType = sourcecode.c.c; path = radix_sort.c; sourceTree = "<group>"; };
		C3A688D121F6F12000AA01A4 /* cosa_sina.h */ = {isa = PBXFileReference; lastKnownFileType = sourcecode.c.h; path = cosa_sina.h; sourceTree = "<group>"; };
		C3A688D221F6F12000AA01A4 /* cosa_sina.c */ = {isa = PBXFileReference; lastKnownFileType = sourcecode.c.c; path = cosa_sina.c; sourceTree = "<group>"; };
		C3A688E321F71ACD00AA01A4 /* mybsearch.h */ = {isa = PBXFileReference; fileEncoding = 4; lastKnownFileType = sourcecode.c.h; path = mybsearch.h; sourceTree = "<group>"; };
		C3A688E421F71ACD00AA01A4 /* binary_search.c */ = {isa = PBXFileReference; fileEncoding = 4; lastKnownFileType = sourcecode.c.c; path = binary_search.c; sourceTree = "<group>"; };
		C3A688E521F71ACD00AA01A4 /* mybsearch.c */ = {isa = PBXFileReference; fileEncoding = 4; lastKnownFileType = sourcecode.c.c; path = mybsearch.c; sourceTree = "<group>"; };
		C3A688E621F71ACD00AA01A4 /* binary_search.h */ = {isa = PBXFileReference; fileEncoding = 4; lastKnownFileType = sourcecode.c.h; path = binary_search.h; sourceTree = "<group>"; };
		C3B40B3021E72EDA006D7721 /* algorithm */ = {isa = PBXFileReference; explicitFileType = "compiled.mach-o.executable"; includeInIndex = 0; path = algorithm; sourceTree = BUILT_PRODUCTS_DIR; };
		C3B40B3321E72EDA006D7721 /* main.c */ = {isa = PBXFileReference; lastKnownFileType = sourcecode.c.c; path = main.c; sourceTree = "<group>"; };
		C3F87EB021F568E400012BA8 /* buble_sort.h */ = {isa = PBXFileReference; lastKnownFileType = sourcecode.c.h; path = buble_sort.h; sourceTree = "<group>"; };
		C3F87EB121F568E400012BA8 /* buble_sort.c */ = {isa = PBXFileReference; lastKnownFileType = sourcecode.c.c; path = buble_sort.c; sourceTree = "<group>"; };
		C3F87EB321F5691300012BA8 /* insertion_sort.h */ = {isa = PBXFileReference; lastKnownFileType = sourcecode.c.h; path = insertion_sort.h; sourceTree = "<group>"; };
		C3F87EB421F5691300012BA8 /* insertion_sort.c */ = {isa = PBXFileReference; lastKnownFileType = sourcecode.c.c; path = insertion_sort.c; sourceTree = "<group>"; };
		C3F87EB621F5693600012BA8 /* selection_sort.h */ = {isa = PBXFileReference; lastKnownFileType = sourcecode.c.h; path = selection_sort.h; sourceTree = "<group>"; };
		C3F87EB721F5693600012BA8 /* selection_sort.c */ = {isa = PBXFileReference; lastKnownFileType = sourcecode.c.c; path = selection_sort.c; sourceTree = "<group>"; };
		C3F87EB921F569B300012BA8 /* sort_base.h */ = {isa = PBXFileReference; lastKnownFileType = sourcecode.c.h; path = sort_base.h; sourceTree = "<group>"; };
		C3F87EBA21F569B300012BA8 /* sort_base.c */ = {isa = PBXFileReference; lastKnownFileType = sourcecode.c.c; path = sort_base.c; sourceTree = "<group>"; };
/* End PBXFileReference section */

/* Begin PBXFrameworksBuildPhase section */
		40AFF9DE22C3BD1D009A949A /* Frameworks */ = {
			isa = PBXFrameworksBuildPhase;
			buildActionMask = 2147483647;
			files = (
			);
			runOnlyForDeploymentPostprocessing = 0;
		};
		40AFF9E922C3BEA0009A949A /* Frameworks */ = {
			isa = PBXFrameworksBuildPhase;
			buildActionMask = 2147483647;
			files = (
			);
			runOnlyForDeploymentPostprocessing = 0;
		};
		40AFF9FA22C6FFC4009A949A /* Frameworks */ = {
			isa = PBXFrameworksBuildPhase;
			buildActionMask = 2147483647;
			files = (
			);
			runOnlyForDeploymentPostprocessing = 0;
		};
		C3B40B2D21E72EDA006D7721 /* Frameworks */ = {
			isa = PBXFrameworksBuildPhase;
			buildActionMask = 2147483647;
			files = (
			);
			runOnlyForDeploymentPostprocessing = 0;
		};
/* End PBXFrameworksBuildPhase section */

/* Begin PBXGroup section */
		409A35A521EDFCD20053D520 /* array */ = {
			isa = PBXGroup;
			children = (
				409A35A921EDFCD20053D520 /* array.h */,
				409A35A621EDFCD20053D520 /* array.c */,
				409A35A721EDFCD20053D520 /* Array_gp.h */,
				409A35A821EDFCD20053D520 /* Array_gp.c */,
			);
			path = array;
			sourceTree = "<group>";
		};
		40AFF9D922C3B782009A949A /* list */ = {
			isa = PBXGroup;
			children = (
			);
			path = list;
			sourceTree = "<group>";
		};
		40AFF9ED22C3BEA0009A949A /* ListDemo01 */ = {
			isa = PBXGroup;
			children = (
				40AFF9EE22C3BEA0009A949A /* main.c */,
				40AFF9F622C3BFAE009A949A /* ListDemo.h */,
				40AFF9F722C3BFAE009A949A /* ListDemo.c */,
			);
			path = ListDemo01;
			sourceTree = "<group>";
		};
		40AFF9FE22C6FFC4009A949A /* LinkList_C++ */ = {
			isa = PBXGroup;
			children = (
				40AFFA0522C6FFDC009A949A /* main.cpp */,
				40AFFA0422C6FFDC009A949A /* LinkList.h */,
				40AFFA0622C6FFDC009A949A /* LinkList.cpp */,
			);
			path = "LinkList_C++";
			sourceTree = "<group>";
		};
		C346697E21EDD5F80018E57C /* Sort */ = {
			isa = PBXGroup;
			children = (
				C3F87EB921F569B300012BA8 /* sort_base.h */,
				C3F87EBA21F569B300012BA8 /* sort_base.c */,
				C3F87EB021F568E400012BA8 /* buble_sort.h */,
				C3F87EB121F568E400012BA8 /* buble_sort.c */,
				C3F87EB321F5691300012BA8 /* insertion_sort.h */,
				C3F87EB421F5691300012BA8 /* insertion_sort.c */,
				C3F87EB621F5693600012BA8 /* selection_sort.h */,
				C3F87EB721F5693600012BA8 /* selection_sort.c */,
				C346697F21EDD6070018E57C /* merge_sort.h */,
				C346698021EDD6070018E57C /* merge_sort.c */,
				C346698221EF101E0018E57C /* quick_sort.h */,
				C346698321EF101E0018E57C /* quick_sort.c */,
				C346698521EF2C660018E57C /* count_sort.h */,
				C346698621EF2C660018E57C /* count_sort.c */,
				C346698821EF325B0018E57C /* radix_sort.h */,
				C346698921EF325B0018E57C /* radix_sort.c */,
				C3A688D121F6F12000AA01A4 /* cosa_sina.h */,
				C3A688D221F6F12000AA01A4 /* cosa_sina.c */,
			);
			path = Sort;
			sourceTree = "<group>";
		};
		C3A688E221F71ACD00AA01A4 /* search */ = {
			isa = PBXGroup;
			children = (
				C3A688E321F71ACD00AA01A4 /* mybsearch.h */,
				C3A688E421F71ACD00AA01A4 /* binary_search.c */,
				C3A688E521F71ACD00AA01A4 /* mybsearch.c */,
				C3A688E621F71ACD00AA01A4 /* binary_search.h */,
			);
			name = search;
			path = algorithm/search;
			sourceTree = "<group>";
		};
		C3B40B2721E72EDA006D7721 = {
			isa = PBXGroup;
			children = (
				C3A688E221F71ACD00AA01A4 /* search */,
				C3B40B3221E72EDA006D7721 /* algorithm */,
				40AFF9ED22C3BEA0009A949A /* ListDemo01 */,
				40AFF9FE22C6FFC4009A949A /* LinkList_C++ */,
				C3B40B3121E72EDA006D7721 /* Products */,
			);
			sourceTree = "<group>";
		};
		C3B40B3121E72EDA006D7721 /* Products */ = {
			isa = PBXGroup;
			children = (
				C3B40B3021E72EDA006D7721 /* algorithm */,
				40AFF9E122C3BD1D009A949A /* ListDemo */,
				40AFF9EC22C3BEA0009A949A /* ListDemo01 */,
				40AFF9FD22C6FFC4009A949A /* LinkList_C++ */,
			);
			name = Products;
			sourceTree = "<group>";
		};
		C3B40B3221E72EDA006D7721 /* algorithm */ = {
			isa = PBXGroup;
			children = (
				40AFF9D922C3B782009A949A /* list */,
				409A35A521EDFCD20053D520 /* array */,
				C346697E21EDD5F80018E57C /* Sort */,
				C3B40B3321E72EDA006D7721 /* main.c */,
			);
			path = algorithm;
			sourceTree = "<group>";
		};
/* End PBXGroup section */

/* Begin PBXNativeTarget section */
		40AFF9E022C3BD1D009A949A /* ListDemo */ = {
			isa = PBXNativeTarget;
			buildConfigurationList = 40AFF9E522C3BD1D009A949A /* Build configuration list for PBXNativeTarget "ListDemo" */;
			buildPhases = (
				40AFF9DD22C3BD1D009A949A /* Sources */,
				40AFF9DE22C3BD1D009A949A /* Frameworks */,
				40AFF9DF22C3BD1D009A949A /* CopyFiles */,
			);
			buildRules = (
			);
			dependencies = (
			);
			name = ListDemo;
			productName = ListDemo;
			productReference = 40AFF9E122C3BD1D009A949A /* ListDemo */;
			productType = "com.apple.product-type.tool";
		};
		40AFF9EB22C3BEA0009A949A /* ListDemo01 */ = {
			isa = PBXNativeTarget;
			buildConfigurationList = 40AFF9F022C3BEA0009A949A /* Build configuration list for PBXNativeTarget "ListDemo01" */;
			buildPhases = (
				40AFF9E822C3BEA0009A949A /* Sources */,
				40AFF9E922C3BEA0009A949A /* Frameworks */,
				40AFF9EA22C3BEA0009A949A /* CopyFiles */,
			);
			buildRules = (
			);
			dependencies = (
			);
			name = ListDemo01;
			productName = ListDemo01;
			productReference = 40AFF9EC22C3BEA0009A949A /* ListDemo01 */;
			productType = "com.apple.product-type.tool";
		};
		40AFF9FC22C6FFC4009A949A /* LinkList_C++ */ = {
			isa = PBXNativeTarget;
			buildConfigurationList = 40AFFA0322C6FFC4009A949A /* Build configuration list for PBXNativeTarget "LinkList_C++" */;
			buildPhases = (
				40AFF9F922C6FFC4009A949A /* Sources */,
				40AFF9FA22C6FFC4009A949A /* Frameworks */,
				40AFF9FB22C6FFC4009A949A /* CopyFiles */,
			);
			buildRules = (
			);
			dependencies = (
			);
			name = "LinkList_C++";
			productName = "LinkList_C++";
			productReference = 40AFF9FD22C6FFC4009A949A /* LinkList_C++ */;
			productType = "com.apple.product-type.tool";
		};
		C3B40B2F21E72EDA006D7721 /* algorithm */ = {
			isa = PBXNativeTarget;
			buildConfigurationList = C3B40B3721E72EDA006D7721 /* Build configuration list for PBXNativeTarget "algorithm" */;
			buildPhases = (
				C3B40B2C21E72EDA006D7721 /* Sources */,
				C3B40B2D21E72EDA006D7721 /* Frameworks */,
				C3B40B2E21E72EDA006D7721 /* CopyFiles */,
			);
			buildRules = (
			);
			dependencies = (
			);
			name = algorithm;
			productName = algorithm;
			productReference = C3B40B3021E72EDA006D7721 /* algorithm */;
			productType = "com.apple.product-type.tool";
		};
/* End PBXNativeTarget section */

/* Begin PBXProject section */
		C3B40B2821E72EDA006D7721 /* Project object */ = {
			isa = PBXProject;
			attributes = {
				LastSwiftUpdateCheck = 1020;
				LastUpgradeCheck = 1000;
				ORGANIZATIONNAME = wangbinbin;
				TargetAttributes = {
					40AFF9E022C3BD1D009A949A = {
						CreatedOnToolsVersion = 10.2.1;
					};
					40AFF9EB22C3BEA0009A949A = {
						CreatedOnToolsVersion = 10.2.1;
					};
					40AFF9FC22C6FFC4009A949A = {
						CreatedOnToolsVersion = 10.2.1;
					};
					C3B40B2F21E72EDA006D7721 = {
						CreatedOnToolsVersion = 10.0;
					};
				};
			};
			buildConfigurationList = C3B40B2B21E72EDA006D7721 /* Build configuration list for PBXProject "algorithm" */;
			compatibilityVersion = "Xcode 9.3";
			developmentRegion = en;
			hasScannedForEncodings = 0;
			knownRegions = (
				en,
			);
			mainGroup = C3B40B2721E72EDA006D7721;
			productRefGroup = C3B40B3121E72EDA006D7721 /* Products */;
			projectDirPath = "";
			projectRoot = "";
			targets = (
				C3B40B2F21E72EDA006D7721 /* algorithm */,
				40AFF9E022C3BD1D009A949A /* ListDemo */,
				40AFF9EB22C3BEA0009A949A /* ListDemo01 */,
				40AFF9FC22C6FFC4009A949A /* LinkList_C++ */,
			);
		};
/* End PBXProject section */

/* Begin PBXSourcesBuildPhase section */
		40AFF9DD22C3BD1D009A949A /* Sources */ = {
			isa = PBXSourcesBuildPhase;
			buildActionMask = 2147483647;
			files = (
			);
			runOnlyForDeploymentPostprocessing = 0;
		};
		40AFF9E822C3BEA0009A949A /* Sources */ = {
			isa = PBXSourcesBuildPhase;
			buildActionMask = 2147483647;
			files = (
				40AFF9F822C3BFAE009A949A /* ListDemo.c in Sources */,
				40AFF9EF22C3BEA0009A949A /* main.c in Sources */,
			);
			runOnlyForDeploymentPostprocessing = 0;
		};
		40AFF9F922C6FFC4009A949A /* Sources */ = {
			isa = PBXSourcesBuildPhase;
			buildActionMask = 2147483647;
			files = (
				40AFFA0722C6FFDD009A949A /* main.cpp in Sources */,
				40AFFA0822C6FFDD009A949A /* LinkList.cpp in Sources */,
			);
			runOnlyForDeploymentPostprocessing = 0;
		};
		C3B40B2C21E72EDA006D7721 /* Sources */ = {
			isa = PBXSourcesBuildPhase;
			buildActionMask = 2147483647;
			files = (
				C3F87EB521F5691300012BA8 /* insertion_sort.c in Sources */,
				C346698421EF101E0018E57C /* quick_sort.c in Sources */,
				C3F87EB821F5693600012BA8 /* selection_sort.c in Sources */,
				C346698A21EF325B0018E57C /* radix_sort.c in Sources */,
				C3A688D321F6F12000AA01A4 /* cosa_sina.c in Sources */,
				C3F87EBB21F569B300012BA8 /* sort_base.c in Sources */,
				C346698121EDD6070018E57C /* merge_sort.c in Sources */,
				C3B40B3421E72EDA006D7721 /* main.c in Sources */,
				C346698721EF2C660018E57C /* count_sort.c in Sources */,
				409A35AB21EDFCD20053D520 /* array.c in Sources */,
				C3A688E821F71ACD00AA01A4 /* mybsearch.c in Sources */,
				C3A688E721F71ACD00AA01A4 /* binary_search.c in Sources */,
				C3F87EB221F568E400012BA8 /* buble_sort.c in Sources */,
				409A35AC21EDFCD20053D520 /* Array_gp.c in Sources */,
			);
			runOnlyForDeploymentPostprocessing = 0;
		};
/* End PBXSourcesBuildPhase section */

/* Begin XCBuildConfiguration section */
		40AFF9E622C3BD1D009A949A /* Debug */ = {
			isa = XCBuildConfiguration;
			buildSettings = {
				CODE_SIGN_STYLE = Automatic;
				DEVELOPMENT_TEAM = 2N3LY2CR7S;
				PRODUCT_NAME = "$(TARGET_NAME)";
				SWIFT_ACTIVE_COMPILATION_CONDITIONS = DEBUG;
				SWIFT_OPTIMIZATION_LEVEL = "-Onone";
				SWIFT_VERSION = 5.0;
			};
			name = Debug;
		};
		40AFF9E722C3BD1D009A949A /* Release */ = {
			isa = XCBuildConfiguration;
			buildSettings = {
				CODE_SIGN_STYLE = Automatic;
				DEVELOPMENT_TEAM = 2N3LY2CR7S;
				PRODUCT_NAME = "$(TARGET_NAME)";
				SWIFT_COMPILATION_MODE = wholemodule;
				SWIFT_OPTIMIZATION_LEVEL = "-O";
				SWIFT_VERSION = 5.0;
			};
			name = Release;
		};
		40AFF9F122C3BEA0009A949A /* Debug */ = {
			isa = XCBuildConfiguration;
			buildSettings = {
				CODE_SIGN_STYLE = Automatic;
				DEVELOPMENT_TEAM = 2N3LY2CR7S;
				PRODUCT_NAME = "$(TARGET_NAME)";
			};
			name = Debug;
		};
		40AFF9F222C3BEA0009A949A /* Release */ = {
			isa = XCBuildConfiguration;
			buildSettings = {
				CODE_SIGN_STYLE = Automatic;
				DEVELOPMENT_TEAM = 2N3LY2CR7S;
				PRODUCT_NAME = "$(TARGET_NAME)";
			};
			name = Release;
		};
		40AFFA0122C6FFC4009A949A /* Debug */ = {
			isa = XCBuildConfiguration;
			buildSettings = {
				CODE_SIGN_STYLE = Automatic;
				DEVELOPMENT_TEAM = 2N3LY2CR7S;
				PRODUCT_NAME = "$(TARGET_NAME)";
			};
			name = Debug;
		};
		40AFFA0222C6FFC4009A949A /* Release */ = {
			isa = XCBuildConfiguration;
			buildSettings = {
				CODE_SIGN_STYLE = Automatic;
				DEVELOPMENT_TEAM = 2N3LY2CR7S;
				PRODUCT_NAME = "$(TARGET_NAME)";
			};
			name = Release;
		};
		C3B40B3521E72EDA006D7721 /* Debug */ = {
			isa = XCBuildConfiguration;
			buildSettings = {
				ALWAYS_SEARCH_USER_PATHS = NO;
				CLANG_ANALYZER_NONNULL = YES;
				CLANG_ANALYZER_NUMBER_OBJECT_CONVERSION = YES_AGGRESSIVE;
				CLANG_CXX_LANGUAGE_STANDARD = "gnu++14";
				CLANG_CXX_LIBRARY = "libc++";
				CLANG_ENABLE_MODULES = YES;
				CLANG_ENABLE_OBJC_ARC = YES;
				CLANG_ENABLE_OBJC_WEAK = YES;
				CLANG_WARN_BLOCK_CAPTURE_AUTORELEASING = YES;
				CLANG_WARN_BOOL_CONVERSION = YES;
				CLANG_WARN_COMMA = YES;
				CLANG_WARN_CONSTANT_CONVERSION = YES;
				CLANG_WARN_DEPRECATED_OBJC_IMPLEMENTATIONS = YES;
				CLANG_WARN_DIRECT_OBJC_ISA_USAGE = YES_ERROR;
				CLANG_WARN_DOCUMENTATION_COMMENTS = YES;
				CLANG_WARN_EMPTY_BODY = YES;
				CLANG_WARN_ENUM_CONVERSION = YES;
				CLANG_WARN_INFINITE_RECURSION = YES;
				CLANG_WARN_INT_CONVERSION = YES;
				CLANG_WARN_NON_LITERAL_NULL_CONVERSION = YES;
				CLANG_WARN_OBJC_IMPLICIT_RETAIN_SELF = YES;
				CLANG_WARN_OBJC_LITERAL_CONVERSION = YES;
				CLANG_WARN_OBJC_ROOT_CLASS = YES_ERROR;
				CLANG_WARN_RANGE_LOOP_ANALYSIS = YES;
				CLANG_WARN_STRICT_PROTOTYPES = YES;
				CLANG_WARN_SUSPICIOUS_MOVE = YES;
				CLANG_WARN_UNGUARDED_AVAILABILITY = YES_AGGRESSIVE;
				CLANG_WARN_UNREACHABLE_CODE = YES;
				CLANG_WARN__DUPLICATE_METHOD_MATCH = YES;
				CODE_SIGN_IDENTITY = "Mac Developer";
				COPY_PHASE_STRIP = NO;
				DEBUG_INFORMATION_FORMAT = dwarf;
				ENABLE_STRICT_OBJC_MSGSEND = YES;
				ENABLE_TESTABILITY = YES;
				GCC_C_LANGUAGE_STANDARD = gnu11;
				GCC_DYNAMIC_NO_PIC = NO;
				GCC_NO_COMMON_BLOCKS = YES;
				GCC_OPTIMIZATION_LEVEL = 0;
				GCC_PREPROCESSOR_DEFINITIONS = (
					"DEBUG=1",
					"$(inherited)",
				);
				GCC_WARN_64_TO_32_BIT_CONVERSION = YES;
				GCC_WARN_ABOUT_RETURN_TYPE = YES_ERROR;
				GCC_WARN_UNDECLARED_SELECTOR = YES;
				GCC_WARN_UNINITIALIZED_AUTOS = YES_AGGRESSIVE;
				GCC_WARN_UNUSED_FUNCTION = YES;
				GCC_WARN_UNUSED_VARIABLE = YES;
				MACOSX_DEPLOYMENT_TARGET = 10.14;
				MTL_ENABLE_DEBUG_INFO = INCLUDE_SOURCE;
				MTL_FAST_MATH = YES;
				ONLY_ACTIVE_ARCH = YES;
				SDKROOT = macosx;
			};
			name = Debug;
		};
		C3B40B3621E72EDA006D7721 /* Release */ = {
			isa = XCBuildConfiguration;
			buildSettings = {
				ALWAYS_SEARCH_USER_PATHS = NO;
				CLANG_ANALYZER_NONNULL = YES;
				CLANG_ANALYZER_NUMBER_OBJECT_CONVERSION = YES_AGGRESSIVE;
				CLANG_CXX_LANGUAGE_STANDARD = "gnu++14";
				CLANG_CXX_LIBRARY = "libc++";
				CLANG_ENABLE_MODULES = YES;
				CLANG_ENABLE_OBJC_ARC = YES;
				CLANG_ENABLE_OBJC_WEAK = YES;
				CLANG_WARN_BLOCK_CAPTURE_AUTORELEASING = YES;
				CLANG_WARN_BOOL_CONVERSION = YES;
				CLANG_WARN_COMMA = YES;
				CLANG_WARN_CONSTANT_CONVERSION = YES;
				CLANG_WARN_DEPRECATED_OBJC_IMPLEMENTATIONS = YES;
				CLANG_WARN_DIRECT_OBJC_ISA_USAGE = YES_ERROR;
				CLANG_WARN_DOCUMENTATION_COMMENTS = YES;
				CLANG_WARN_EMPTY_BODY = YES;
				CLANG_WARN_ENUM_CONVERSION = YES;
				CLANG_WARN_INFINITE_RECURSION = YES;
				CLANG_WARN_INT_CONVERSION = YES;
				CLANG_WARN_NON_LITERAL_NULL_CONVERSION = YES;
				CLANG_WARN_OBJC_IMPLICIT_RETAIN_SELF = YES;
				CLANG_WARN_OBJC_LITERAL_CONVERSION = YES;
				CLANG_WARN_OBJC_ROOT_CLASS = YES_ERROR;
				CLANG_WARN_RANGE_LOOP_ANALYSIS = YES;
				CLANG_WARN_STRICT_PROTOTYPES = YES;
				CLANG_WARN_SUSPICIOUS_MOVE = YES;
				CLANG_WARN_UNGUARDED_AVAILABILITY = YES_AGGRESSIVE;
				CLANG_WARN_UNREACHABLE_CODE = YES;
				CLANG_WARN__DUPLICATE_METHOD_MATCH = YES;
				CODE_SIGN_IDENTITY = "Mac Developer";
				COPY_PHASE_STRIP = NO;
				DEBUG_INFORMATION_FORMAT = "dwarf-with-dsym";
				ENABLE_NS_ASSERTIONS = NO;
				ENABLE_STRICT_OBJC_MSGSEND = YES;
				GCC_C_LANGUAGE_STANDARD = gnu11;
				GCC_NO_COMMON_BLOCKS = YES;
				GCC_WARN_64_TO_32_BIT_CONVERSION = YES;
				GCC_WARN_ABOUT_RETURN_TYPE = YES_ERROR;
				GCC_WARN_UNDECLARED_SELECTOR = YES;
				GCC_WARN_UNINITIALIZED_AUTOS = YES_AGGRESSIVE;
				GCC_WARN_UNUSED_FUNCTION = YES;
				GCC_WARN_UNUSED_VARIABLE = YES;
				MACOSX_DEPLOYMENT_TARGET = 10.14;
				MTL_ENABLE_DEBUG_INFO = NO;
				MTL_FAST_MATH = YES;
				SDKROOT = macosx;
			};
			name = Release;
		};
		C3B40B3821E72EDA006D7721 /* Debug */ = {
			isa = XCBuildConfiguration;
			buildSettings = {
				CODE_SIGN_STYLE = Automatic;
				DEVELOPMENT_TEAM = 2N3LY2CR7S;
				PRODUCT_NAME = "$(TARGET_NAME)";
			};
			name = Debug;
		};
		C3B40B3921E72EDA006D7721 /* Release */ = {
			isa = XCBuildConfiguration;
			buildSettings = {
				CODE_SIGN_STYLE = Automatic;
				DEVELOPMENT_TEAM = 2N3LY2CR7S;
				PRODUCT_NAME = "$(TARGET_NAME)";
			};
			name = Release;
		};
/* End XCBuildConfiguration section */

/* Begin XCConfigurationList section */
		40AFF9E522C3BD1D009A949A /* Build configuration list for PBXNativeTarget "ListDemo" */ = {
			isa = XCConfigurationList;
			buildConfigurations = (
				40AFF9E622C3BD1D009A949A /* Debug */,
				40AFF9E722C3BD1D009A949A /* Release */,
			);
			defaultConfigurationIsVisible = 0;
			defaultConfigurationName = Release;
		};
		40AFF9F022C3BEA0009A949A /* Build configuration list for PBXNativeTarget "ListDemo01" */ = {
			isa = XCConfigurationList;
			buildConfigurations = (
				40AFF9F122C3BEA0009A949A /* Debug */,
				40AFF9F222C3BEA0009A949A /* Release */,
			);
			defaultConfigurationIsVisible = 0;
			defaultConfigurationName = Release;
		};
		40AFFA0322C6FFC4009A949A /* Build configuration list for PBXNativeTarget "LinkList_C++" */ = {
			isa = XCConfigurationList;
			buildConfigurations = (
				40AFFA0122C6FFC4009A949A /* Debug */,
				40AFFA0222C6FFC4009A949A /* Release */,
			);
			defaultConfigurationIsVisible = 0;
			defaultConfigurationName = Release;
		};
		C3B40B2B21E72EDA006D7721 /* Build configuration list for PBXProject "algorithm" */ = {
			isa = XCConfigurationList;
			buildConfigurations = (
				C3B40B3521E72EDA006D7721 /* Debug */,
				C3B40B3621E72EDA006D7721 /* Release */,
			);
			defaultConfigurationIsVisible = 0;
			defaultConfigurationName = Release;
		};
		C3B40B3721E72EDA006D7721 /* Build configuration list for PBXNativeTarget "algorithm" */ = {
			isa = XCConfigurationList;
			buildConfigurations = (
				C3B40B3821E72EDA006D7721 /* Debug */,
				C3B40B3921E72EDA006D7721 /* Release */,
			);
			defaultConfigurationIsVisible = 0;
			defaultConfigurationName = Release;
		};
/* End XCConfigurationList section */
	};
	rootObject = C3B40B2821E72EDA006D7721 /* Project object */;
}
